
Microsoft Visual Studio Solution File, Format Version 12.00
Project("{FAE04EC0-301F-11D3-BF4B-00C04F79EFBC}") = "Marisa.EntityFrameworkCore", "Marisa.EntityFrameworkCore\Marisa.EntityFrameworkCore.csproj", "{BF7F119F-2BE2-4701-8A00-25EF94A83EFE}"
EndProject
Project("{FAE04EC0-301F-11D3-BF4B-00C04F79EFBC}") = "Marisa.Plugin.Shared", "Marisa.Plugin.Shared\Marisa.Plugin.Shared.csproj", "{D2CBCAE7-7587-44DD-8A3A-4B1DD3F5A54D}"
EndProject
Project("{FAE04EC0-301F-11D3-BF4B-00C04F79EFBC}") = "Marisa.Plugin", "Marisa.Plugin\Marisa.Plugin.csproj", "{0A29E29D-15A4-4949-828D-D69AEDEC19D4}"
EndProject
Project("{FAE04EC0-301F-11D3-BF4B-00C04F79EFBC}") = "Marisa.StartUp", "Marisa.StartUp\Marisa.StartUp.csproj", "{CD467B36-69B0-4501-8E10-214846321FA9}"
EndProject
Project("{FAE04EC0-301F-11D3-BF4B-00C04F79EFBC}") = "Marisa.BotDriver", "Marisa.BotDriver\Marisa.BotDriver.csproj", "{A4E8A960-2E80-4D6E-BF98-9EE11A0BCCF1}"
EndProject
Project("{FAE04EC0-301F-11D3-BF4B-00C04F79EFBC}") = "Marisa.Utils", "Marisa.Utils\Marisa.Utils.csproj", "{DF58656A-A9E7-4602-8A26-DE2705E50279}"
EndProject
Project("{FAE04EC0-301F-11D3-BF4B-00C04F79EFBC}") = "Marisa.Backend.Mirai", "Marisa.Backend.Mirai\Marisa.Backend.Mirai.csproj", "{E1B7A528-686E-496D-9E54-BCA3027C94B7}"
EndProject
Project("{F2A71F9B-5D33-465A-A702-920D77279786}") = "Marisa.Plugin.Shared.FSharp", "Marisa.Plugin.Shared.FSharp\Marisa.Plugin.Shared.FSharp.fsproj", "{531D0858-6720-4415-BFEF-5420D3B7A587}"
EndProject
Project("{2150E333-8FDC-42A3-9474-1A3956D46DE8}") = "Marisa.Src", "Marisa.Src", "{1BA6A94D-F7D4-4405-9CAE-143C10CA2989}"
EndProject
Project("{2150E333-8FDC-42A3-9474-1A3956D46DE8}") = "Marisa.Test", "Marisa.Test", "{B45AC883-5C28-4146-BF83-D86C4BDAB412}"
EndProject
Project("{FAE04EC0-301F-11D3-BF4B-00C04F79EFBC}") = "Marisa.Plugin.Test", "Marisa.Plugin.Test\Marisa.Plugin.Test.csproj", "{2A61D282-1CA2-4818-89CF-5E96F94F9CB9}"
EndProject
Global
	GlobalSection(SolutionConfigurationPlatforms) = preSolution
		Debug|Any CPU = Debug|Any CPU
		Release|Any CPU = Release|Any CPU
	EndGlobalSection
	GlobalSection(ProjectConfigurationPlatforms) = postSolution
		{BF7F119F-2BE2-4701-8A00-25EF94A83EFE}.Debug|Any CPU.ActiveCfg = Debug|Any CPU
		{BF7F119F-2BE2-4701-8A00-25EF94A83EFE}.Debug|Any CPU.Build.0 = Debug|Any CPU
		{BF7F119F-2BE2-4701-8A00-25EF94A83EFE}.Release|Any CPU.ActiveCfg = Release|Any CPU
		{BF7F119F-2BE2-4701-8A00-25EF94A83EFE}.Release|Any CPU.Build.0 = Release|Any CPU
		{D2CBCAE7-7587-44DD-8A3A-4B1DD3F5A54D}.Debug|Any CPU.ActiveCfg = Debug|Any CPU
		{D2CBCAE7-7587-44DD-8A3A-4B1DD3F5A54D}.Debug|Any CPU.Build.0 = Debug|Any CPU
		{D2CBCAE7-7587-44DD-8A3A-4B1DD3F5A54D}.Release|Any CPU.ActiveCfg = Release|Any CPU
		{D2CBCAE7-7587-44DD-8A3A-4B1DD3F5A54D}.Release|Any CPU.Build.0 = Release|Any CPU
		{0A29E29D-15A4-4949-828D-D69AEDEC19D4}.Debug|Any CPU.ActiveCfg = Debug|Any CPU
		{0A29E29D-15A4-4949-828D-D69AEDEC19D4}.Debug|Any CPU.Build.0 = Debug|Any CPU
		{0A29E29D-15A4-4949-828D-D69AEDEC19D4}.Release|Any CPU.ActiveCfg = Release|Any CPU
		{0A29E29D-15A4-4949-828D-D69AEDEC19D4}.Release|Any CPU.Build.0 = Release|Any CPU
		{CD467B36-69B0-4501-8E10-214846321FA9}.Debug|Any CPU.ActiveCfg = Debug|Any CPU
		{CD467B36-69B0-4501-8E10-214846321FA9}.Debug|Any CPU.Build.0 = Debug|Any CPU
		{CD467B36-69B0-4501-8E10-214846321FA9}.Release|Any CPU.ActiveCfg = Release|Any CPU
		{CD467B36-69B0-4501-8E10-214846321FA9}.Release|Any CPU.Build.0 = Release|Any CPU
		{A4E8A960-2E80-4D6E-BF98-9EE11A0BCCF1}.Debug|Any CPU.ActiveCfg = Debug|Any CPU
		{A4E8A960-2E80-4D6E-BF98-9EE11A0BCCF1}.Debug|Any CPU.Build.0 = Debug|Any CPU
		{A4E8A960-2E80-4D6E-BF98-9EE11A0BCCF1}.Release|Any CPU.ActiveCfg = Release|Any CPU
		{A4E8A960-2E80-4D6E-BF98-9EE11A0BCCF1}.Release|Any CPU.Build.0 = Release|Any CPU
		{DF58656A-A9E7-4602-8A26-DE2705E50279}.Debug|Any CPU.ActiveCfg = Debug|Any CPU
		{DF58656A-A9E7-4602-8A26-DE2705E50279}.Debug|Any CPU.Build.0 = Debug|Any CPU
		{DF58656A-A9E7-4602-8A26-DE2705E50279}.Release|Any CPU.ActiveCfg = Release|Any CPU
		{DF58656A-A9E7-4602-8A26-DE2705E50279}.Release|Any CPU.Build.0 = Release|Any CPU
		{E1B7A528-686E-496D-9E54-BCA3027C94B7}.Debug|Any CPU.ActiveCfg = Debug|Any CPU
		{E1B7A528-686E-496D-9E54-BCA3027C94B7}.Debug|Any CPU.Build.0 = Debug|Any CPU
		{E1B7A528-686E-496D-9E54-BCA3027C94B7}.Release|Any CPU.ActiveCfg = Release|Any CPU
		{E1B7A528-686E-496D-9E54-BCA3027C94B7}.Release|Any CPU.Build.0 = Release|Any CPU
		{531D0858-6720-4415-BFEF-5420D3B7A587}.Debug|Any CPU.ActiveCfg = Debug|Any CPU
		{531D0858-6720-4415-BFEF-5420D3B7A587}.Debug|Any CPU.Build.0 = Debug|Any CPU
		{531D0858-6720-4415-BFEF-5420D3B7A587}.Release|Any CPU.ActiveCfg = Release|Any CPU
		{531D0858-6720-4415-BFEF-5420D3B7A587}.Release|Any CPU.Build.0 = Release|Any CPU
		{2A61D282-1CA2-4818-89CF-5E96F94F9CB9}.Debug|Any CPU.ActiveCfg = Debug|Any CPU
		{2A61D282-1CA2-4818-89CF-5E96F94F9CB9}.Debug|Any CPU.Build.0 = Debug|Any CPU
		{2A61D282-1CA2-4818-89CF-5E96F94F9CB9}.Release|Any CPU.ActiveCfg = Release|Any CPU
		{2A61D282-1CA2-4818-89CF-5E96F94F9CB9}.Release|Any CPU.Build.0 = Release|Any CPU
	EndGlobalSection
	GlobalSection(NestedProjects) = preSolution
		{E1B7A528-686E-496D-9E54-BCA3027C94B7} = {1BA6A94D-F7D4-4405-9CAE-143C10CA2989}
		{A4E8A960-2E80-4D6E-BF98-9EE11A0BCCF1} = {1BA6A94D-F7D4-4405-9CAE-143C10CA2989}
		{BF7F119F-2BE2-4701-8A00-25EF94A83EFE} = {1BA6A94D-F7D4-4405-9CAE-143C10CA2989}
		{0A29E29D-15A4-4949-828D-D69AEDEC19D4} = {1BA6A94D-F7D4-4405-9CAE-143C10CA2989}
		{D2CBCAE7-7587-44DD-8A3A-4B1DD3F5A54D} = {1BA6A94D-F7D4-4405-9CAE-143C10CA2989}
		{531D0858-6720-4415-BFEF-5420D3B7A587} = {1BA6A94D-F7D4-4405-9CAE-143C10CA2989}
		{CD467B36-69B0-4501-8E10-214846321FA9} = {1BA6A94D-F7D4-4405-9CAE-143C10CA2989}
		{DF58656A-A9E7-4602-8A26-DE2705E50279} = {1BA6A94D-F7D4-4405-9CAE-143C10CA2989}
		{2A61D282-1CA2-4818-89CF-5E96F94F9CB9} = {B45AC883-5C28-4146-BF83-D86C4BDAB412}
	EndGlobalSection
EndGlobal
