
Microsoft Visual Studio Solution File, Format Version 12.00
# Visual Studio Version 17
VisualStudioVersion = 17.5.33402.96
MinimumVisualStudioVersion = 10.0.40219.1
Project("{9A19103F-16F7-4668-BE54-9A1E7A4F7556}") = "Marisa.EntityFrameworkCore", "Marisa.EntityFrameworkCore\Marisa.EntityFrameworkCore.csproj", "{BF7F119F-2BE2-4701-8A00-25EF94A83EFE}"
EndProject
Project("{9A19103F-16F7-4668-BE54-9A1E7A4F7556}") = "Marisa.Plugin.Shared", "Marisa.Plugin.Shared\Marisa.Plugin.Shared.csproj", "{D2CBCAE7-7587-44DD-8A3A-4B1DD3F5A54D}"
EndProject
Project("{9A19103F-16F7-4668-BE54-9A1E7A4F7556}") = "Marisa.Plugin", "Marisa.Plugin\Marisa.Plugin.csproj", "{0A29E29D-15A4-4949-828D-D69AEDEC19D4}"
EndProject
Project("{9A19103F-16F7-4668-BE54-9A1E7A4F7556}") = "Marisa.StartUp", "Marisa.StartUp\Marisa.StartUp.csproj", "{CD467B36-69B0-4501-8E10-214846321FA9}"
EndProject
Project("{9A19103F-16F7-4668-BE54-9A1E7A4F7556}") = "Marisa.BotDriver", "Marisa.BotDriver\Marisa.BotDriver.csproj", "{A4E8A960-2E80-4D6E-BF98-9EE11A0BCCF1}"
EndProject
Project("{9A19103F-16F7-4668-BE54-9A1E7A4F7556}") = "Marisa.Utils", "Marisa.Utils\Marisa.Utils.csproj", "{DF58656A-A9E7-4602-8A26-DE2705E50279}"
EndProject
Project("{9A19103F-16F7-4668-BE54-9A1E7A4F7556}") = "Marisa.Backend.Mirai", "Marisa.Backend.Mirai\Marisa.Backend.Mirai.csproj", "{E1B7A528-686E-496D-9E54-BCA3027C94B7}"
EndProject
Project("{6EC3EE1D-3C4E-46DD-8F32-0CC8E7565705}") = "Marisa.Plugin.Shared.FSharp", "Marisa.Plugin.Shared.FSharp\Marisa.Plugin.Shared.FSharp.fsproj", "{531D0858-6720-4415-BFEF-5420D3B7A587}"
EndProject
Project("{2150E333-8FDC-42A3-9474-1A3956D46DE8}") = "Marisa.Src", "Marisa.Src", "{1BA6A94D-F7D4-4405-9CAE-143C10CA2989}"
EndProject
Project("{2150E333-8FDC-42A3-9474-1A3956D46DE8}") = "Marisa.Test", "Marisa.Test", "{B45AC883-5C28-4146-BF83-D86C4BDAB412}"
EndProject
Project("{9A19103F-16F7-4668-BE54-9A1E7A4F7556}") = "Marisa.Plugin.Test", "Marisa.Plugin.Test\Marisa.Plugin.Test.csproj", "{2A61D282-1CA2-4818-89CF-5E96F94F9CB9}"
EndProject
Project("{9A19103F-16F7-4668-BE54-9A1E7A4F7556}") = "Marisa.Backend.GoCq", "Marisa.Backend.GoCq\Marisa.Backend.GoCq.csproj", "{B375AB09-A3E2-4EC5-B11D-6355F16C364D}"
EndProject
Project("{54A90642-561A-4BB1-A94E-469ADEE60C69}") = "Marisa.Frontend", "Marisa.Frontend\Marisa.Frontend.esproj", "{888869E2-FFE7-4FEE-B668-1A82C0148588}"
EndProject
Project("{FAE04EC0-301F-11D3-BF4B-00C04F79EFBC}") = "Marisa.BotDriver.Test", "Marisa.BotDriver.Test\Marisa.BotDriver.Test.csproj", "{B848A16D-6E86-4F96-B436-0338525B9CB3}"
EndProject
Global
	GlobalSection(SolutionConfigurationPlatforms) = preSolution
		Debug|Any CPU = Debug|Any CPU
		Release|Any CPU = Release|Any CPU
	EndGlobalSection
	GlobalSection(ProjectConfigurationPlatforms) = postSolution
		{BF7F119F-2BE2-4701-8A00-25EF94A83EFE}.Debug|Any CPU.ActiveCfg = Debug|Any CPU
		{BF7F119F-2BE2-4701-8A00-25EF94A83EFE}.Debug|Any CPU.Build.0 = Debug|Any CPU
		{BF7F119F-2BE2-4701-8A00-25EF94A83EFE}.Release|Any CPU.ActiveCfg = Release|Any CPU
		{BF7F119F-2BE2-4701-8A00-25EF94A83EFE}.Release|Any CPU.Build.0 = Release|Any CPU
		{D2CBCAE7-7587-44DD-8A3A-4B1DD3F5A54D}.Debug|Any CPU.ActiveCfg = Debug|Any CPU
		{D2CBCAE7-7587-44DD-8A3A-4B1DD3F5A54D}.Debug|Any CPU.Build.0 = Debug|Any CPU
		{D2CBCAE7-7587-44DD-8A3A-4B1DD3F5A54D}.Release|Any CPU.ActiveCfg = Release|Any CPU
		{D2CBCAE7-7587-44DD-8A3A-4B1DD3F5A54D}.Release|Any CPU.Build.0 = Release|Any CPU
		{0A29E29D-15A4-4949-828D-D69AEDEC19D4}.Debug|Any CPU.ActiveCfg = Debug|Any CPU
		{0A29E29D-15A4-4949-828D-D69AEDEC19D4}.Debug|Any CPU.Build.0 = Debug|Any CPU
		{0A29E29D-15A4-4949-828D-D69AEDEC19D4}.Release|Any CPU.ActiveCfg = Release|Any CPU
		{0A29E29D-15A4-4949-828D-D69AEDEC19D4}.Release|Any CPU.Build.0 = Release|Any CPU
		{CD467B36-69B0-4501-8E10-214846321FA9}.Debug|Any CPU.ActiveCfg = Debug|Any CPU
		{CD467B36-69B0-4501-8E10-214846321FA9}.Debug|Any CPU.Build.0 = Debug|Any CPU
		{CD467B36-69B0-4501-8E10-214846321FA9}.Release|Any CPU.ActiveCfg = Release|Any CPU
		{CD467B36-69B0-4501-8E10-214846321FA9}.Release|Any CPU.Build.0 = Release|Any CPU
		{A4E8A960-2E80-4D6E-BF98-9EE11A0BCCF1}.Debug|Any CPU.ActiveCfg = Debug|Any CPU
		{A4E8A960-2E80-4D6E-BF98-9EE11A0BCCF1}.Debug|Any CPU.Build.0 = Debug|Any CPU
		{A4E8A960-2E80-4D6E-BF98-9EE11A0BCCF1}.Release|Any CPU.ActiveCfg = Release|Any CPU
		{A4E8A960-2E80-4D6E-BF98-9EE11A0BCCF1}.Release|Any CPU.Build.0 = Release|Any CPU
		{DF58656A-A9E7-4602-8A26-DE2705E50279}.Debug|Any CPU.ActiveCfg = Debug|Any CPU
		{DF58656A-A9E7-4602-8A26-DE2705E50279}.Debug|Any CPU.Build.0 = Debug|Any CPU
		{DF58656A-A9E7-4602-8A26-DE2705E50279}.Release|Any CPU.ActiveCfg = Release|Any CPU
		{DF58656A-A9E7-4602-8A26-DE2705E50279}.Release|Any CPU.Build.0 = Release|Any CPU
		{E1B7A528-686E-496D-9E54-BCA3027C94B7}.Debug|Any CPU.ActiveCfg = Debug|Any CPU
		{E1B7A528-686E-496D-9E54-BCA3027C94B7}.Debug|Any CPU.Build.0 = Debug|Any CPU
		{E1B7A528-686E-496D-9E54-BCA3027C94B7}.Release|Any CPU.ActiveCfg = Release|Any CPU
		{E1B7A528-686E-496D-9E54-BCA3027C94B7}.Release|Any CPU.Build.0 = Release|Any CPU
		{531D0858-6720-4415-BFEF-5420D3B7A587}.Debug|Any CPU.ActiveCfg = Debug|Any CPU
		{531D0858-6720-4415-BFEF-5420D3B7A587}.Debug|Any CPU.Build.0 = Debug|Any CPU
		{531D0858-6720-4415-BFEF-5420D3B7A587}.Release|Any CPU.ActiveCfg = Release|Any CPU
		{531D0858-6720-4415-BFEF-5420D3B7A587}.Release|Any CPU.Build.0 = Release|Any CPU
		{2A61D282-1CA2-4818-89CF-5E96F94F9CB9}.Debug|Any CPU.ActiveCfg = Debug|Any CPU
		{2A61D282-1CA2-4818-89CF-5E96F94F9CB9}.Debug|Any CPU.Build.0 = Debug|Any CPU
		{2A61D282-1CA2-4818-89CF-5E96F94F9CB9}.Release|Any CPU.ActiveCfg = Release|Any CPU
		{2A61D282-1CA2-4818-89CF-5E96F94F9CB9}.Release|Any CPU.Build.0 = Release|Any CPU
		{B375AB09-A3E2-4EC5-B11D-6355F16C364D}.Debug|Any CPU.ActiveCfg = Debug|Any CPU
		{B375AB09-A3E2-4EC5-B11D-6355F16C364D}.Debug|Any CPU.Build.0 = Debug|Any CPU
		{B375AB09-A3E2-4EC5-B11D-6355F16C364D}.Release|Any CPU.ActiveCfg = Release|Any CPU
		{B375AB09-A3E2-4EC5-B11D-6355F16C364D}.Release|Any CPU.Build.0 = Release|Any CPU
		{888869E2-FFE7-4FEE-B668-1A82C0148588}.Debug|Any CPU.ActiveCfg = Debug|Any CPU
		{888869E2-FFE7-4FEE-B668-1A82C0148588}.Debug|Any CPU.Build.0 = Debug|Any CPU
		{888869E2-FFE7-4FEE-B668-1A82C0148588}.Debug|Any CPU.Deploy.0 = Debug|Any CPU
		{888869E2-FFE7-4FEE-B668-1A82C0148588}.Release|Any CPU.ActiveCfg = Release|Any CPU
		{888869E2-FFE7-4FEE-B668-1A82C0148588}.Release|Any CPU.Build.0 = Release|Any CPU
		{888869E2-FFE7-4FEE-B668-1A82C0148588}.Release|Any CPU.Deploy.0 = Release|Any CPU
		{B848A16D-6E86-4F96-B436-0338525B9CB3}.Debug|Any CPU.ActiveCfg = Debug|Any CPU
		{B848A16D-6E86-4F96-B436-0338525B9CB3}.Debug|Any CPU.Build.0 = Debug|Any CPU
		{B848A16D-6E86-4F96-B436-0338525B9CB3}.Release|Any CPU.ActiveCfg = Release|Any CPU
		{B848A16D-6E86-4F96-B436-0338525B9CB3}.Release|Any CPU.Build.0 = Release|Any CPU
	EndGlobalSection
	GlobalSection(SolutionProperties) = preSolution
		HideSolutionNode = FALSE
	EndGlobalSection
	GlobalSection(NestedProjects) = preSolution
		{BF7F119F-2BE2-4701-8A00-25EF94A83EFE} = {1BA6A94D-F7D4-4405-9CAE-143C10CA2989}
		{D2CBCAE7-7587-44DD-8A3A-4B1DD3F5A54D} = {1BA6A94D-F7D4-4405-9CAE-143C10CA2989}
		{0A29E29D-15A4-4949-828D-D69AEDEC19D4} = {1BA6A94D-F7D4-4405-9CAE-143C10CA2989}
		{CD467B36-69B0-4501-8E10-214846321FA9} = {1BA6A94D-F7D4-4405-9CAE-143C10CA2989}
		{A4E8A960-2E80-4D6E-BF98-9EE11A0BCCF1} = {1BA6A94D-F7D4-4405-9CAE-143C10CA2989}
		{DF58656A-A9E7-4602-8A26-DE2705E50279} = {1BA6A94D-F7D4-4405-9CAE-143C10CA2989}
		{E1B7A528-686E-496D-9E54-BCA3027C94B7} = {1BA6A94D-F7D4-4405-9CAE-143C10CA2989}
		{531D0858-6720-4415-BFEF-5420D3B7A587} = {1BA6A94D-F7D4-4405-9CAE-143C10CA2989}
		{2A61D282-1CA2-4818-89CF-5E96F94F9CB9} = {B45AC883-5C28-4146-BF83-D86C4BDAB412}
		{B375AB09-A3E2-4EC5-B11D-6355F16C364D} = {1BA6A94D-F7D4-4405-9CAE-143C10CA2989}
		{888869E2-FFE7-4FEE-B668-1A82C0148588} = {1BA6A94D-F7D4-4405-9CAE-143C10CA2989}
		{B848A16D-6E86-4F96-B436-0338525B9CB3} = {B45AC883-5C28-4146-BF83-D86C4BDAB412}
	EndGlobalSection
EndGlobal
