
Microsoft Visual Studio Solution File, Format Version 12.00
Project("{FAE04EC0-301F-11D3-BF4B-00C04F79EFBC}") = "QQBOT.Core", "QQBOT.Core\QQBOT.Core.csproj", "{AA9AD418-1DC2-4CB0-A7F1-D6D0507D8EBD}"
EndProject
Project("{FAE04EC0-301F-11D3-BF4B-00C04F79EFBC}") = "QQBOT.EntityFrameworkCore", "QQBOT.EntityFrameworkCore\QQBOT.EntityFrameworkCore.csproj", "{BF7F119F-2BE2-4701-8A00-25EF94A83EFE}"
EndProject
Global
	GlobalSection(SolutionConfigurationPlatforms) = preSolution
		Debug|Any CPU = Debug|Any CPU
		Release|Any CPU = Release|Any CPU
	EndGlobalSection
	GlobalSection(ProjectConfigurationPlatforms) = postSolution
		{AA9AD418-1DC2-4CB0-A7F1-D6D0507D8EBD}.Debug|Any CPU.ActiveCfg = Debug|Any CPU
		{AA9AD418-1DC2-4CB0-A7F1-D6D0507D8EBD}.Debug|Any CPU.Build.0 = Debug|Any CPU
		{AA9AD418-1DC2-4CB0-A7F1-D6D0507D8EBD}.Release|Any CPU.ActiveCfg = Release|Any CPU
		{AA9AD418-1DC2-4CB0-A7F1-D6D0507D8EBD}.Release|Any CPU.Build.0 = Release|Any CPU
		{BF7F119F-2BE2-4701-8A00-25EF94A83EFE}.Debug|Any CPU.ActiveCfg = Debug|Any CPU
		{BF7F119F-2BE2-4701-8A00-25EF94A83EFE}.Debug|Any CPU.Build.0 = Debug|Any CPU
		{BF7F119F-2BE2-4701-8A00-25EF94A83EFE}.Release|Any CPU.ActiveCfg = Release|Any CPU
		{BF7F119F-2BE2-4701-8A00-25EF94A83EFE}.Release|Any CPU.Build.0 = Release|Any CPU
	EndGlobalSection
EndGlobal
